
Microsoft Visual Studio Solution File, Format Version 12.00
# Visual Studio Version 16
VisualStudioVersion = 16.0.29613.14
MinimumVisualStudioVersion = 10.0.40219.1
Project("{888888A0-9F3D-457C-B088-3A5042F75D52}") = "TokiPonaHaikuGenerator", "TokiPonaHaikuGenerator\TokiPonaHaikuGenerator.pyproj", "{8A2E18DA-0319-4BFA-8276-9C0C3F967EC4}"
EndProject
Global
	GlobalSection(SolutionConfigurationPlatforms) = preSolution
		Debug|Any CPU = Debug|Any CPU
		Release|Any CPU = Release|Any CPU
	EndGlobalSection
	GlobalSection(ProjectConfigurationPlatforms) = postSolution
		{8A2E18DA-0319-4BFA-8276-9C0C3F967EC4}.Debug|Any CPU.ActiveCfg = Debug|Any CPU
		{8A2E18DA-0319-4BFA-8276-9C0C3F967EC4}.Release|Any CPU.ActiveCfg = Release|Any CPU
	EndGlobalSection
	GlobalSection(SolutionProperties) = preSolution
		HideSolutionNode = FALSE
	EndGlobalSection
	GlobalSection(ExtensibilityGlobals) = postSolution
		SolutionGuid = {AD53E220-5A1E-4B85-A333-EB9F45BBD13B}
	EndGlobalSection
EndGlobal
